// !$*UTF8*$!
{
	archiveVersion = 1;
	classes = {
	};
	objectVersion = 50;
	objects = {

/* Begin PBXBuildFile section */
		B42DA28222C74C6600E45CA3 /* Artwork.swift in Sources */ = {isa = PBXBuildFile; fileRef = B42DA28122C74C6600E45CA3 /* Artwork.swift */; };
		B42EC09622B42F1700F8F2FD /* CircleImage.swift in Sources */ = {isa = PBXBuildFile; fileRef = B42EC09522B42F1700F8F2FD /* CircleImage.swift */; };
		B42EC09822B4303A00F8F2FD /* MapView.swift in Sources */ = {isa = PBXBuildFile; fileRef = B42EC09722B4303A00F8F2FD /* MapView.swift */; };
		B43E00B022BD64B30060621D /* IRANSansMobile_Light.ttf in Resources */ = {isa = PBXBuildFile; fileRef = B43E00AA22BD64B20060621D /* IRANSansMobile_Light.ttf */; };
		B43E00B122BD64B30060621D /* IRANSansMobile_Black.ttf in Resources */ = {isa = PBXBuildFile; fileRef = B43E00AB22BD64B20060621D /* IRANSansMobile_Black.ttf */; };
		B43E00B222BD64B30060621D /* IRANSansMobile_UltraLight.ttf in Resources */ = {isa = PBXBuildFile; fileRef = B43E00AC22BD64B20060621D /* IRANSansMobile_UltraLight.ttf */; };
		B43E00B322BD64B30060621D /* IRANSansMobile.ttf in Resources */ = {isa = PBXBuildFile; fileRef = B43E00AD22BD64B30060621D /* IRANSansMobile.ttf */; };
		B43E00B422BD64B30060621D /* IRANSansMobile_Medium.ttf in Resources */ = {isa = PBXBuildFile; fileRef = B43E00AE22BD64B30060621D /* IRANSansMobile_Medium.ttf */; };
		B43E00B522BD64B30060621D /* IRANSansMobile_Bold.ttf in Resources */ = {isa = PBXBuildFile; fileRef = B43E00AF22BD64B30060621D /* IRANSansMobile_Bold.ttf */; };
		B485F48F22B41E35005BD895 /* AppDelegate.swift in Sources */ = {isa = PBXBuildFile; fileRef = B485F48E22B41E35005BD895 /* AppDelegate.swift */; };
		B485F49122B41E35005BD895 /* SceneDelegate.swift in Sources */ = {isa = PBXBuildFile; fileRef = B485F49022B41E35005BD895 /* SceneDelegate.swift */; };
		B485F49322B41E35005BD895 /* ContentView.swift in Sources */ = {isa = PBXBuildFile; fileRef = B485F49222B41E35005BD895 /* ContentView.swift */; };
		B485F49522B41E36005BD895 /* Assets.xcassets in Resources */ = {isa = PBXBuildFile; fileRef = B485F49422B41E36005BD895 /* Assets.xcassets */; };
		B485F49822B41E36005BD895 /* Preview Assets.xcassets in Resources */ = {isa = PBXBuildFile; fileRef = B485F49722B41E36005BD895 /* Preview Assets.xcassets */; };
		B485F49B22B41E36005BD895 /* LaunchScreen.storyboard in Resources */ = {isa = PBXBuildFile; fileRef = B485F49922B41E36005BD895 /* LaunchScreen.storyboard */; };
		B4AA0B2222F2D3240076063C /* Utility.swift in Sources */ = {isa = PBXBuildFile; fileRef = B4AA0B2122F2D3240076063C /* Utility.swift */; };
		B4AA0B2522F2EB270076063C /* Service.swift in Sources */ = {isa = PBXBuildFile; fileRef = B4AA0B2422F2EB270076063C /* Service.swift */; };
		B4E1119F22F3145200AD86E6 /* ServiceView.swift in Sources */ = {isa = PBXBuildFile; fileRef = B4E1119E22F3145200AD86E6 /* ServiceView.swift */; };
		B4E111A122F36EA000AD86E6 /* PriceBoxView.swift in Sources */ = {isa = PBXBuildFile; fileRef = B4E111A022F36EA000AD86E6 /* PriceBoxView.swift */; };
		B4E111A622F384D000AD86E6 /* InformationBoxView.swift in Sources */ = {isa = PBXBuildFile; fileRef = B4E111A522F384D000AD86E6 /* InformationBoxView.swift */; };
		B4E679BE22F4696200C5BE92 /* ServiceListView.swift in Sources */ = {isa = PBXBuildFile; fileRef = B4E679BD22F4696200C5BE92 /* ServiceListView.swift */; };
		B4E679C022F46A4100C5BE92 /* PriceActionsView.swift in Sources */ = {isa = PBXBuildFile; fileRef = B4E679BF22F46A4100C5BE92 /* PriceActionsView.swift */; };
		B4E679C222F46AB800C5BE92 /* RequestSnappView.swift in Sources */ = {isa = PBXBuildFile; fileRef = B4E679C122F46AB800C5BE92 /* RequestSnappView.swift */; };
		B4E679C522F46D3400C5BE92 /* LeadingNavigationBarView.swift in Sources */ = {isa = PBXBuildFile; fileRef = B4E679C422F46D3400C5BE92 /* LeadingNavigationBarView.swift */; };
/* End PBXBuildFile section */

/* Begin PBXFileReference section */
		B42DA28122C74C6600E45CA3 /* Artwork.swift */ = {isa = PBXFileReference; lastKnownFileType = sourcecode.swift; path = Artwork.swift; sourceTree = "<group>"; };
		B42EC09522B42F1700F8F2FD /* CircleImage.swift */ = {isa = PBXFileReference; lastKnownFileType = sourcecode.swift; path = CircleImage.swift; sourceTree = "<group>"; };
		B42EC09722B4303A00F8F2FD /* MapView.swift */ = {isa = PBXFileReference; lastKnownFileType = sourcecode.swift; path = MapView.swift; sourceTree = "<group>"; };
		B43E00AA22BD64B20060621D /* IRANSansMobile_Light.ttf */ = {isa = PBXFileReference; lastKnownFileType = file; path = IRANSansMobile_Light.ttf; sourceTree = "<group>"; };
		B43E00AB22BD64B20060621D /* IRANSansMobile_Black.ttf */ = {isa = PBXFileReference; lastKnownFileType = file; path = IRANSansMobile_Black.ttf; sourceTree = "<group>"; };
		B43E00AC22BD64B20060621D /* IRANSansMobile_UltraLight.ttf */ = {isa = PBXFileReference; lastKnownFileType = file; path = IRANSansMobile_UltraLight.ttf; sourceTree = "<group>"; };
		B43E00AD22BD64B30060621D /* IRANSansMobile.ttf */ = {isa = PBXFileReference; lastKnownFileType = file; path = IRANSansMobile.ttf; sourceTree = "<group>"; };
		B43E00AE22BD64B30060621D /* IRANSansMobile_Medium.ttf */ = {isa = PBXFileReference; lastKnownFileType = file; path = IRANSansMobile_Medium.ttf; sourceTree = "<group>"; };
		B43E00AF22BD64B30060621D /* IRANSansMobile_Bold.ttf */ = {isa = PBXFileReference; lastKnownFileType = file; path = IRANSansMobile_Bold.ttf; sourceTree = "<group>"; };
		B485F48B22B41E35005BD895 /* SnappUI.app */ = {isa = PBXFileReference; explicitFileType = wrapper.application; includeInIndex = 0; path = SnappUI.app; sourceTree = BUILT_PRODUCTS_DIR; };
		B485F48E22B41E35005BD895 /* AppDelegate.swift */ = {isa = PBXFileReference; lastKnownFileType = sourcecode.swift; path = AppDelegate.swift; sourceTree = "<group>"; };
		B485F49022B41E35005BD895 /* SceneDelegate.swift */ = {isa = PBXFileReference; lastKnownFileType = sourcecode.swift; path = SceneDelegate.swift; sourceTree = "<group>"; };
		B485F49222B41E35005BD895 /* ContentView.swift */ = {isa = PBXFileReference; lastKnownFileType = sourcecode.swift; path = ContentView.swift; sourceTree = "<group>"; };
		B485F49422B41E36005BD895 /* Assets.xcassets */ = {isa = PBXFileReference; lastKnownFileType = folder.assetcatalog; path = Assets.xcassets; sourceTree = "<group>"; };
		B485F49722B41E36005BD895 /* Preview Assets.xcassets */ = {isa = PBXFileReference; lastKnownFileType = folder.assetcatalog; path = "Preview Assets.xcassets"; sourceTree = "<group>"; };
		B485F49A22B41E36005BD895 /* Base */ = {isa = PBXFileReference; lastKnownFileType = file.storyboard; name = Base; path = Base.lproj/LaunchScreen.storyboard; sourceTree = "<group>"; };
		B485F49C22B41E36005BD895 /* Info.plist */ = {isa = PBXFileReference; lastKnownFileType = text.plist.xml; path = Info.plist; sourceTree = "<group>"; };
		B4AA0B2122F2D3240076063C /* Utility.swift */ = {isa = PBXFileReference; lastKnownFileType = sourcecode.swift; path = Utility.swift; sourceTree = "<group>"; };
		B4AA0B2422F2EB270076063C /* Service.swift */ = {isa = PBXFileReference; lastKnownFileType = sourcecode.swift; name = Service.swift; path = ../../../../../../System/Volumes/Data/Users/sajjad/Desktop/SnappUI/SnappUI/Models/Service.swift; sourceTree = "<group>"; };
		B4E1119E22F3145200AD86E6 /* ServiceView.swift */ = {isa = PBXFileReference; lastKnownFileType = sourcecode.swift; path = ServiceView.swift; sourceTree = "<group>"; };
		B4E111A022F36EA000AD86E6 /* PriceBoxView.swift */ = {isa = PBXFileReference; lastKnownFileType = sourcecode.swift; path = PriceBoxView.swift; sourceTree = "<group>"; };
		B4E111A522F384D000AD86E6 /* InformationBoxView.swift */ = {isa = PBXFileReference; lastKnownFileType = sourcecode.swift; name = InformationBoxView.swift; path = ../../../../../../../System/Volumes/Data/Users/sajjad/Desktop/SnappUI/SnappUI/Views/InformationSection/InformationBoxView.swift; sourceTree = "<group>"; };
		B4E679BD22F4696200C5BE92 /* ServiceListView.swift */ = {isa = PBXFileReference; lastKnownFileType = sourcecode.swift; name = ServiceListView.swift; path = ../../../../../../../System/Volumes/Data/Users/sajjad/Desktop/SnappUI/SnappUI/Views/PriceSection/ServiceListView.swift; sourceTree = "<group>"; };
		B4E679BF22F46A4100C5BE92 /* PriceActionsView.swift */ = {isa = PBXFileReference; lastKnownFileType = sourcecode.swift; name = PriceActionsView.swift; path = ../../../../../../../System/Volumes/Data/Users/sajjad/Desktop/SnappUI/SnappUI/Views/PriceSection/PriceActionsView.swift; sourceTree = "<group>"; };
		B4E679C122F46AB800C5BE92 /* RequestSnappView.swift */ = {isa = PBXFileReference; lastKnownFileType = sourcecode.swift; name = RequestSnappView.swift; path = ../../../../../../../System/Volumes/Data/Users/sajjad/Desktop/SnappUI/SnappUI/Views/PriceSection/RequestSnappView.swift; sourceTree = "<group>"; };
		B4E679C422F46D3400C5BE92 /* LeadingNavigationBarView.swift */ = {isa = PBXFileReference; lastKnownFileType = sourcecode.swift; name = LeadingNavigationBarView.swift; path = ../../../../../../../System/Volumes/Data/Users/sajjad/Desktop/SnappUI/SnappUI/Views/NavigationBarSection/LeadingNavigationBarView.swift; sourceTree = "<group>"; };
/* End PBXFileReference section */

/* Begin PBXFrameworksBuildPhase section */
		B485F48822B41E35005BD895 /* Frameworks */ = {
			isa = PBXFrameworksBuildPhase;
			buildActionMask = 2147483647;
			files = (
			);
			runOnlyForDeploymentPostprocessing = 0;
		};
/* End PBXFrameworksBuildPhase section */

/* Begin PBXGroup section */
		B43E00B622BD64BD0060621D /* Fonts */ = {
			isa = PBXGroup;
			children = (
				B43E00AB22BD64B20060621D /* IRANSansMobile_Black.ttf */,
				B43E00AF22BD64B30060621D /* IRANSansMobile_Bold.ttf */,
				B43E00AA22BD64B20060621D /* IRANSansMobile_Light.ttf */,
				B43E00AE22BD64B30060621D /* IRANSansMobile_Medium.ttf */,
				B43E00AC22BD64B20060621D /* IRANSansMobile_UltraLight.ttf */,
				B43E00AD22BD64B30060621D /* IRANSansMobile.ttf */,
			);
			path = Fonts;
			sourceTree = "<group>";
		};
		B485F48222B41E35005BD895 = {
			isa = PBXGroup;
			children = (
				B485F48D22B41E35005BD895 /* SnappUI */,
				B485F48C22B41E35005BD895 /* Products */,
			);
			sourceTree = "<group>";
		};
		B485F48C22B41E35005BD895 /* Products */ = {
			isa = PBXGroup;
			children = (
				B485F48B22B41E35005BD895 /* SnappUI.app */,
			);
			name = Products;
			sourceTree = "<group>";
		};
		B485F48D22B41E35005BD895 /* SnappUI */ = {
			isa = PBXGroup;
			children = (
				B4E111A222F3821800AD86E6 /* Views */,
				B4AA0B2322F2EB170076063C /* Models */,
				B43E00B622BD64BD0060621D /* Fonts */,
				B4AA0B2122F2D3240076063C /* Utility.swift */,
				B485F48E22B41E35005BD895 /* AppDelegate.swift */,
				B485F49022B41E35005BD895 /* SceneDelegate.swift */,
				B485F49222B41E35005BD895 /* ContentView.swift */,
				B485F49422B41E36005BD895 /* Assets.xcassets */,
				B42EC09522B42F1700F8F2FD /* CircleImage.swift */,
				B42EC09722B4303A00F8F2FD /* MapView.swift */,
				B485F49922B41E36005BD895 /* LaunchScreen.storyboard */,
				B485F49C22B41E36005BD895 /* Info.plist */,
				B42DA28122C74C6600E45CA3 /* Artwork.swift */,
				B485F49622B41E36005BD895 /* Preview Content */,
			);
			path = SnappUI;
			sourceTree = "<group>";
		};
		B485F49622B41E36005BD895 /* Preview Content */ = {
			isa = PBXGroup;
			children = (
				B485F49722B41E36005BD895 /* Preview Assets.xcassets */,
			);
			path = "Preview Content";
			sourceTree = "<group>";
		};
		B4AA0B2322F2EB170076063C /* Models */ = {
			isa = PBXGroup;
			children = (
				B4AA0B2422F2EB270076063C /* Service.swift */,
			);
			path = Models;
			sourceTree = "<group>";
		};
		B4E111A222F3821800AD86E6 /* Views */ = {
			isa = PBXGroup;
			children = (
				B4E679C322F46CF800C5BE92 /* NavigationBarSection */,
				B4E111A422F384BF00AD86E6 /* InformationSection */,
				B4E111A322F3821F00AD86E6 /* PriceSection */,
			);
			path = Views;
			sourceTree = "<group>";
		};
		B4E111A322F3821F00AD86E6 /* PriceSection */ = {
			isa = PBXGroup;
			children = (
				B4E111A022F36EA000AD86E6 /* PriceBoxView.swift */,
				B4E1119E22F3145200AD86E6 /* ServiceView.swift */,
				B4E679BD22F4696200C5BE92 /* ServiceListView.swift */,
				B4E679BF22F46A4100C5BE92 /* PriceActionsView.swift */,
				B4E679C122F46AB800C5BE92 /* RequestSnappView.swift */,
			);
			path = PriceSection;
			sourceTree = "<group>";
		};
		B4E111A422F384BF00AD86E6 /* InformationSection */ = {
			isa = PBXGroup;
			children = (
				B4E111A522F384D000AD86E6 /* InformationBoxView.swift */,
			);
			path = InformationSection;
			sourceTree = "<group>";
		};
		B4E679C322F46CF800C5BE92 /* NavigationBarSection */ = {
			isa = PBXGroup;
			children = (
				B4E679C422F46D3400C5BE92 /* LeadingNavigationBarView.swift */,
			);
			path = NavigationBarSection;
			sourceTree = "<group>";
		};
/* End PBXGroup section */

/* Begin PBXNativeTarget section */
		B485F48A22B41E35005BD895 /* SnappUI */ = {
			isa = PBXNativeTarget;
			buildConfigurationList = B485F49F22B41E36005BD895 /* Build configuration list for PBXNativeTarget "SnappUI" */;
			buildPhases = (
				B485F48722B41E35005BD895 /* Sources */,
				B485F48822B41E35005BD895 /* Frameworks */,
				B485F48922B41E35005BD895 /* Resources */,
			);
			buildRules = (
			);
			dependencies = (
			);
			name = SnappUI;
			productName = SnappUI;
			productReference = B485F48B22B41E35005BD895 /* SnappUI.app */;
			productType = "com.apple.product-type.application";
		};
/* End PBXNativeTarget section */

/* Begin PBXProject section */
		B485F48322B41E35005BD895 /* Project object */ = {
			isa = PBXProject;
			attributes = {
				LastSwiftUpdateCheck = 1100;
				LastUpgradeCheck = 1100;
				ORGANIZATIONNAME = "Sajjad Kharrazi";
				TargetAttributes = {
					B485F48A22B41E35005BD895 = {
						CreatedOnToolsVersion = 11.0;
					};
				};
			};
			buildConfigurationList = B485F48622B41E35005BD895 /* Build configuration list for PBXProject "SnappUI" */;
			compatibilityVersion = "Xcode 9.3";
			developmentRegion = en;
			hasScannedForEncodings = 0;
			knownRegions = (
				en,
				Base,
			);
			mainGroup = B485F48222B41E35005BD895;
			productRefGroup = B485F48C22B41E35005BD895 /* Products */;
			projectDirPath = "";
			projectRoot = "";
			targets = (
				B485F48A22B41E35005BD895 /* SnappUI */,
			);
		};
/* End PBXProject section */

/* Begin PBXResourcesBuildPhase section */
		B485F48922B41E35005BD895 /* Resources */ = {
			isa = PBXResourcesBuildPhase;
			buildActionMask = 2147483647;
			files = (
				B485F49B22B41E36005BD895 /* LaunchScreen.storyboard in Resources */,
				B43E00B122BD64B30060621D /* IRANSansMobile_Black.ttf in Resources */,
				B43E00B222BD64B30060621D /* IRANSansMobile_UltraLight.ttf in Resources */,
				B43E00B022BD64B30060621D /* IRANSansMobile_Light.ttf in Resources */,
				B43E00B522BD64B30060621D /* IRANSansMobile_Bold.ttf in Resources */,
				B43E00B322BD64B30060621D /* IRANSansMobile.ttf in Resources */,
				B485F49822B41E36005BD895 /* Preview Assets.xcassets in Resources */,
				B43E00B422BD64B30060621D /* IRANSansMobile_Medium.ttf in Resources */,
				B485F49522B41E36005BD895 /* Assets.xcassets in Resources */,
			);
			runOnlyForDeploymentPostprocessing = 0;
		};
/* End PBXResourcesBuildPhase section */

/* Begin PBXSourcesBuildPhase section */
		B485F48722B41E35005BD895 /* Sources */ = {
			isa = PBXSourcesBuildPhase;
			buildActionMask = 2147483647;
			files = (
				B4AA0B2222F2D3240076063C /* Utility.swift in Sources */,
				B4E111A622F384D000AD86E6 /* InformationBoxView.swift in Sources */,
				B4AA0B2522F2EB270076063C /* Service.swift in Sources */,
				B485F48F22B41E35005BD895 /* AppDelegate.swift in Sources */,
				B42EC09622B42F1700F8F2FD /* CircleImage.swift in Sources */,
				B4E111A122F36EA000AD86E6 /* PriceBoxView.swift in Sources */,
				B42EC09822B4303A00F8F2FD /* MapView.swift in Sources */,
				B485F49122B41E35005BD895 /* SceneDelegate.swift in Sources */,
				B4E679BE22F4696200C5BE92 /* ServiceListView.swift in Sources */,
				B42DA28222C74C6600E45CA3 /* Artwork.swift in Sources */,
				B4E679C522F46D3400C5BE92 /* LeadingNavigationBarView.swift in Sources */,
				B4E1119F22F3145200AD86E6 /* ServiceView.swift in Sources */,
				B4E679C022F46A4100C5BE92 /* PriceActionsView.swift in Sources */,
				B485F49322B41E35005BD895 /* ContentView.swift in Sources */,
				B4E679C222F46AB800C5BE92 /* RequestSnappView.swift in Sources */,
			);
			runOnlyForDeploymentPostprocessing = 0;
		};
/* End PBXSourcesBuildPhase section */

/* Begin PBXVariantGroup section */
		B485F49922B41E36005BD895 /* LaunchScreen.storyboard */ = {
			isa = PBXVariantGroup;
			children = (
				B485F49A22B41E36005BD895 /* Base */,
			);
			name = LaunchScreen.storyboard;
			sourceTree = "<group>";
		};
/* End PBXVariantGroup section */

/* Begin XCBuildConfiguration section */
		B485F49D22B41E36005BD895 /* Debug */ = {
			isa = XCBuildConfiguration;
			buildSettings = {
				ALWAYS_SEARCH_USER_PATHS = NO;
				CLANG_ANALYZER_NONNULL = YES;
				CLANG_ANALYZER_NUMBER_OBJECT_CONVERSION = YES_AGGRESSIVE;
				CLANG_CXX_LANGUAGE_STANDARD = "gnu++14";
				CLANG_CXX_LIBRARY = "libc++";
				CLANG_ENABLE_MODULES = YES;
				CLANG_ENABLE_OBJC_ARC = YES;
				CLANG_ENABLE_OBJC_WEAK = YES;
				CLANG_WARN_BLOCK_CAPTURE_AUTORELEASING = YES;
				CLANG_WARN_BOOL_CONVERSION = YES;
				CLANG_WARN_COMMA = YES;
				CLANG_WARN_CONSTANT_CONVERSION = YES;
				CLANG_WARN_DEPRECATED_OBJC_IMPLEMENTATIONS = YES;
				CLANG_WARN_DIRECT_OBJC_ISA_USAGE = YES_ERROR;
				CLANG_WARN_DOCUMENTATION_COMMENTS = YES;
				CLANG_WARN_EMPTY_BODY = YES;
				CLANG_WARN_ENUM_CONVERSION = YES;
				CLANG_WARN_INFINITE_RECURSION = YES;
				CLANG_WARN_INT_CONVERSION = YES;
				CLANG_WARN_NON_LITERAL_NULL_CONVERSION = YES;
				CLANG_WARN_OBJC_IMPLICIT_RETAIN_SELF = YES;
				CLANG_WARN_OBJC_LITERAL_CONVERSION = YES;
				CLANG_WARN_OBJC_ROOT_CLASS = YES_ERROR;
				CLANG_WARN_RANGE_LOOP_ANALYSIS = YES;
				CLANG_WARN_STRICT_PROTOTYPES = YES;
				CLANG_WARN_SUSPICIOUS_MOVE = YES;
				CLANG_WARN_UNGUARDED_AVAILABILITY = YES_AGGRESSIVE;
				CLANG_WARN_UNREACHABLE_CODE = YES;
				CLANG_WARN__DUPLICATE_METHOD_MATCH = YES;
				COPY_PHASE_STRIP = NO;
				DEBUG_INFORMATION_FORMAT = dwarf;
				ENABLE_STRICT_OBJC_MSGSEND = YES;
				ENABLE_TESTABILITY = YES;
				GCC_C_LANGUAGE_STANDARD = gnu11;
				GCC_DYNAMIC_NO_PIC = NO;
				GCC_NO_COMMON_BLOCKS = YES;
				GCC_OPTIMIZATION_LEVEL = 0;
				GCC_PREPROCESSOR_DEFINITIONS = (
					"DEBUG=1",
					"$(inherited)",
				);
				GCC_WARN_64_TO_32_BIT_CONVERSION = YES;
				GCC_WARN_ABOUT_RETURN_TYPE = YES_ERROR;
				GCC_WARN_UNDECLARED_SELECTOR = YES;
				GCC_WARN_UNINITIALIZED_AUTOS = YES_AGGRESSIVE;
				GCC_WARN_UNUSED_FUNCTION = YES;
				GCC_WARN_UNUSED_VARIABLE = YES;
				IPHONEOS_DEPLOYMENT_TARGET = 13.0;
				MTL_ENABLE_DEBUG_INFO = INCLUDE_SOURCE;
				MTL_FAST_MATH = YES;
				ONLY_ACTIVE_ARCH = YES;
				SDKROOT = iphoneos;
				SWIFT_ACTIVE_COMPILATION_CONDITIONS = DEBUG;
				SWIFT_OPTIMIZATION_LEVEL = "-Onone";
			};
			name = Debug;
		};
		B485F49E22B41E36005BD895 /* Release */ = {
			isa = XCBuildConfiguration;
			buildSettings = {
				ALWAYS_SEARCH_USER_PATHS = NO;
				CLANG_ANALYZER_NONNULL = YES;
				CLANG_ANALYZER_NUMBER_OBJECT_CONVERSION = YES_AGGRESSIVE;
				CLANG_CXX_LANGUAGE_STANDARD = "gnu++14";
				CLANG_CXX_LIBRARY = "libc++";
				CLANG_ENABLE_MODULES = YES;
				CLANG_ENABLE_OBJC_ARC = YES;
				CLANG_ENABLE_OBJC_WEAK = YES;
				CLANG_WARN_BLOCK_CAPTURE_AUTORELEASING = YES;
				CLANG_WARN_BOOL_CONVERSION = YES;
				CLANG_WARN_COMMA = YES;
				CLANG_WARN_CONSTANT_CONVERSION = YES;
				CLANG_WARN_DEPRECATED_OBJC_IMPLEMENTATIONS = YES;
				CLANG_WARN_DIRECT_OBJC_ISA_USAGE = YES_ERROR;
				CLANG_WARN_DOCUMENTATION_COMMENTS = YES;
				CLANG_WARN_EMPTY_BODY = YES;
				CLANG_WARN_ENUM_CONVERSION = YES;
				CLANG_WARN_INFINITE_RECURSION = YES;
				CLANG_WARN_INT_CONVERSION = YES;
				CLANG_WARN_NON_LITERAL_NULL_CONVERSION = YES;
				CLANG_WARN_OBJC_IMPLICIT_RETAIN_SELF = YES;
				CLANG_WARN_OBJC_LITERAL_CONVERSION = YES;
				CLANG_WARN_OBJC_ROOT_CLASS = YES_ERROR;
				CLANG_WARN_RANGE_LOOP_ANALYSIS = YES;
				CLANG_WARN_STRICT_PROTOTYPES = YES;
				CLANG_WARN_SUSPICIOUS_MOVE = YES;
				CLANG_WARN_UNGUARDED_AVAILABILITY = YES_AGGRESSIVE;
				CLANG_WARN_UNREACHABLE_CODE = YES;
				CLANG_WARN__DUPLICATE_METHOD_MATCH = YES;
				COPY_PHASE_STRIP = NO;
				DEBUG_INFORMATION_FORMAT = "dwarf-with-dsym";
				ENABLE_NS_ASSERTIONS = NO;
				ENABLE_STRICT_OBJC_MSGSEND = YES;
				GCC_C_LANGUAGE_STANDARD = gnu11;
				GCC_NO_COMMON_BLOCKS = YES;
				GCC_WARN_64_TO_32_BIT_CONVERSION = YES;
				GCC_WARN_ABOUT_RETURN_TYPE = YES_ERROR;
				GCC_WARN_UNDECLARED_SELECTOR = YES;
				GCC_WARN_UNINITIALIZED_AUTOS = YES_AGGRESSIVE;
				GCC_WARN_UNUSED_FUNCTION = YES;
				GCC_WARN_UNUSED_VARIABLE = YES;
				IPHONEOS_DEPLOYMENT_TARGET = 13.0;
				MTL_ENABLE_DEBUG_INFO = NO;
				MTL_FAST_MATH = YES;
				SDKROOT = iphoneos;
				SWIFT_COMPILATION_MODE = wholemodule;
				SWIFT_OPTIMIZATION_LEVEL = "-O";
				VALIDATE_PRODUCT = YES;
			};
			name = Release;
		};
		B485F4A022B41E36005BD895 /* Debug */ = {
			isa = XCBuildConfiguration;
			buildSettings = {
				ASSETCATALOG_COMPILER_APPICON_NAME = AppIcon;
				CODE_SIGN_STYLE = Automatic;
				DEVELOPMENT_ASSET_PATHS = "SnappUI/Preview\\ Content";
				DEVELOPMENT_TEAM = B4TXY57Z47;
				ENABLE_PREVIEWS = YES;
				INFOPLIST_FILE = SnappUI/Info.plist;
				LD_RUNPATH_SEARCH_PATHS = (
					"$(inherited)",
					"@executable_path/Frameworks",
				);
				PRODUCT_BUNDLE_IDENTIFIER = com.sajjadkharrazi.SnappUI;
				PRODUCT_NAME = "$(TARGET_NAME)";
				SWIFT_VERSION = 5.0;
				TARGETED_DEVICE_FAMILY = "1,2";
			};
			name = Debug;
		};
		B485F4A122B41E36005BD895 /* Release */ = {
			isa = XCBuildConfiguration;
			buildSettings = {
				ASSETCATALOG_COMPILER_APPICON_NAME = AppIcon;
				CODE_SIGN_STYLE = Automatic;
				DEVELOPMENT_ASSET_PATHS = "SnappUI/Preview\\ Content";
				DEVELOPMENT_TEAM = B4TXY57Z47;
				ENABLE_PREVIEWS = YES;
				INFOPLIST_FILE = SnappUI/Info.plist;
				LD_RUNPATH_SEARCH_PATHS = (
					"$(inherited)",
					"@executable_path/Frameworks",
				);
				PRODUCT_BUNDLE_IDENTIFIER = com.sajjadkharrazi.SnappUI;
				PRODUCT_NAME = "$(TARGET_NAME)";
				SWIFT_VERSION = 5.0;
				TARGETED_DEVICE_FAMILY = "1,2";
			};
			name = Release;
		};
/* End XCBuildConfiguration section */

/* Begin XCConfigurationList section */
		B485F48622B41E35005BD895 /* Build configuration list for PBXProject "SnappUI" */ = {
			isa = XCConfigurationList;
			buildConfigurations = (
				B485F49D22B41E36005BD895 /* Debug */,
				B485F49E22B41E36005BD895 /* Release */,
			);
			defaultConfigurationIsVisible = 0;
			defaultConfigurationName = Release;
		};
		B485F49F22B41E36005BD895 /* Build configuration list for PBXNativeTarget "SnappUI" */ = {
			isa = XCConfigurationList;
			buildConfigurations = (
				B485F4A022B41E36005BD895 /* Debug */,
				B485F4A122B41E36005BD895 /* Release */,
			);
			defaultConfigurationIsVisible = 0;
			defaultConfigurationName = Release;
		};
/* End XCConfigurationList section */
	};
	rootObject = B485F48322B41E35005BD895 /* Project object */;
}
